
Microsoft Visual Studio Solution File, Format Version 12.00
# Visual Studio Version 17
VisualStudioVersion = 17.0.31903.59
MinimumVisualStudioVersion = 10.0.40219.1
Project("{FAE04EC0-301F-11D3-BF4B-00C04F79EFBC}") = "Competency", "Competency\Competency.csproj", "{5F75DE7E-56C5-426F-8784-AC1048D7E063}"
EndProject
Project("{FAE04EC0-301F-11D3-BF4B-00C04F79EFBC}") = "Competency.Tests", "Competency.Tests\Competency.Tests.csproj", "{70E365F7-B8A3-4AB6-B81E-6F159E410C50}"
EndProject
Global
	GlobalSection(SolutionConfigurationPlatforms) = preSolution
		Debug|Any CPU = Debug|Any CPU
		Release|Any CPU = Release|Any CPU
	EndGlobalSection
	GlobalSection(SolutionProperties) = preSolution
		HideSolutionNode = FALSE
	EndGlobalSection
	GlobalSection(ProjectConfigurationPlatforms) = postSolution
		{5F75DE7E-56C5-426F-8784-AC1048D7E063}.Debug|Any CPU.ActiveCfg = Debug|Any CPU
		{5F75DE7E-56C5-426F-8784-AC1048D7E063}.Debug|Any CPU.Build.0 = Debug|Any CPU
		{5F75DE7E-56C5-426F-8784-AC1048D7E063}.Release|Any CPU.ActiveCfg = Release|Any CPU
		{5F75DE7E-56C5-426F-8784-AC1048D7E063}.Release|Any CPU.Build.0 = Release|Any CPU
		{70E365F7-B8A3-4AB6-B81E-6F159E410C50}.Debug|Any CPU.ActiveCfg = Debug|Any CPU
		{70E365F7-B8A3-4AB6-B81E-6F159E410C50}.Debug|Any CPU.Build.0 = Debug|Any CPU
		{70E365F7-B8A3-4AB6-B81E-6F159E410C50}.Release|Any CPU.ActiveCfg = Release|Any CPU
		{70E365F7-B8A3-4AB6-B81E-6F159E410C50}.Release|Any CPU.Build.0 = Release|Any CPU
	EndGlobalSection
EndGlobal
